
Microsoft Visual Studio Solution File, Format Version 12.00
# Visual Studio Version 17
VisualStudioVersion = 17.5.2.0
MinimumVisualStudioVersion = 10.0.40219.1
Project("{FAE04EC0-301F-11D3-BF4B-00C04F79EFBC}") = "Flight Tracker System", "Flight Tracker System\Flight Tracker System.csproj", "{04379AE8-DCAF-F9C0-C4D5-C017FE6DFD3B}"
EndProject
Project("{FAE04EC0-301F-11D3-BF4B-00C04F79EFBC}") = "FlightTrackerTests", "FlightTrackerTests\FlightTrackerTests.csproj", "{1AD18483-F55D-495E-8036-6415CF627B97}"
EndProject
Global
	GlobalSection(SolutionConfigurationPlatforms) = preSolution
		Debug|Any CPU = Debug|Any CPU
		Debug|x64 = Debug|x64
		Debug|x86 = Debug|x86
		Release|Any CPU = Release|Any CPU
		Release|x64 = Release|x64
		Release|x86 = Release|x86
	EndGlobalSection
	GlobalSection(ProjectConfigurationPlatforms) = postSolution
		{04379AE8-DCAF-F9C0-C4D5-C017FE6DFD3B}.Debug|Any CPU.ActiveCfg = Debug|Any CPU
		{04379AE8-DCAF-F9C0-C4D5-C017FE6DFD3B}.Debug|Any CPU.Build.0 = Debug|Any CPU
		{04379AE8-DCAF-F9C0-C4D5-C017FE6DFD3B}.Debug|x64.ActiveCfg = Debug|Any CPU
		{04379AE8-DCAF-F9C0-C4D5-C017FE6DFD3B}.Debug|x64.Build.0 = Debug|Any CPU
		{04379AE8-DCAF-F9C0-C4D5-C017FE6DFD3B}.Debug|x86.ActiveCfg = Debug|Any CPU
		{04379AE8-DCAF-F9C0-C4D5-C017FE6DFD3B}.Debug|x86.Build.0 = Debug|Any CPU
		{04379AE8-DCAF-F9C0-C4D5-C017FE6DFD3B}.Release|Any CPU.ActiveCfg = Release|Any CPU
		{04379AE8-DCAF-F9C0-C4D5-C017FE6DFD3B}.Release|Any CPU.Build.0 = Release|Any CPU
		{04379AE8-DCAF-F9C0-C4D5-C017FE6DFD3B}.Release|x64.ActiveCfg = Release|Any CPU
		{04379AE8-DCAF-F9C0-C4D5-C017FE6DFD3B}.Release|x64.Build.0 = Release|Any CPU
		{04379AE8-DCAF-F9C0-C4D5-C017FE6DFD3B}.Release|x86.ActiveCfg = Release|Any CPU
		{04379AE8-DCAF-F9C0-C4D5-C017FE6DFD3B}.Release|x86.Build.0 = Release|Any CPU
		{1AD18483-F55D-495E-8036-6415CF627B97}.Debug|Any CPU.ActiveCfg = Debug|Any CPU
		{1AD18483-F55D-495E-8036-6415CF627B97}.Debug|Any CPU.Build.0 = Debug|Any CPU
		{1AD18483-F55D-495E-8036-6415CF627B97}.Debug|x64.ActiveCfg = Debug|Any CPU
		{1AD18483-F55D-495E-8036-6415CF627B97}.Debug|x64.Build.0 = Debug|Any CPU
		{1AD18483-F55D-495E-8036-6415CF627B97}.Debug|x86.ActiveCfg = Debug|Any CPU
		{1AD18483-F55D-495E-8036-6415CF627B97}.Debug|x86.Build.0 = Debug|Any CPU
		{1AD18483-F55D-495E-8036-6415CF627B97}.Release|Any CPU.ActiveCfg = Release|Any CPU
		{1AD18483-F55D-495E-8036-6415CF627B97}.Release|Any CPU.Build.0 = Release|Any CPU
		{1AD18483-F55D-495E-8036-6415CF627B97}.Release|x64.ActiveCfg = Release|Any CPU
		{1AD18483-F55D-495E-8036-6415CF627B97}.Release|x64.Build.0 = Release|Any CPU
		{1AD18483-F55D-495E-8036-6415CF627B97}.Release|x86.ActiveCfg = Release|Any CPU
		{1AD18483-F55D-495E-8036-6415CF627B97}.Release|x86.Build.0 = Release|Any CPU
	EndGlobalSection
	GlobalSection(SolutionProperties) = preSolution
		HideSolutionNode = FALSE
	EndGlobalSection
	GlobalSection(ExtensibilityGlobals) = postSolution
		SolutionGuid = {65C01B58-872F-41DA-BD7A-A383FEB51108}
	EndGlobalSection
EndGlobal
