Microsoft Visual Studio Solution File, Format Version 12.00
# Visual Studio Version 17
VisualStudioVersion = 17.5.2.0
MinimumVisualStudioVersion = 10.0.40219.1
Project("{FAE04EC0-301F-11D3-BF4B-00C04F79EFBC}") = "FlightTrackerTests", "FlightTrackerTests.csproj", "{C276B952-3397-275E-E66E-2B6B00CBEF67}"
EndProject
Global
	GlobalSection(SolutionConfigurationPlatforms) = preSolution
		Debug|Any CPU = Debug|Any CPU
		Release|Any CPU = Release|Any CPU
	EndGlobalSection
	GlobalSection(ProjectConfigurationPlatforms) = postSolution
		{C276B952-3397-275E-E66E-2B6B00CBEF67}.Debug|Any CPU.ActiveCfg = Debug|Any CPU
		{C276B952-3397-275E-E66E-2B6B00CBEF67}.Debug|Any CPU.Build.0 = Debug|Any CPU
		{C276B952-3397-275E-E66E-2B6B00CBEF67}.Release|Any CPU.ActiveCfg = Release|Any CPU
		{C276B952-3397-275E-E66E-2B6B00CBEF67}.Release|Any CPU.Build.0 = Release|Any CPU
	EndGlobalSection
	GlobalSection(SolutionProperties) = preSolution
		HideSolutionNode = FALSE
	EndGlobalSection
	GlobalSection(ExtensibilityGlobals) = postSolution
		SolutionGuid = {E08A7B3B-8930-427C-AF1B-536864AA13EE}
	EndGlobalSection
EndGlobal
